
Microsoft Visual Studio Solution File, Format Version 12.00
# Visual Studio 15
VisualStudioVersion = 15.0.27130.2020
MinimumVisualStudioVersion = 10.0.40219.1
Project("{FAE04EC0-301F-11D3-BF4B-00C04F79EFBC}") = "BlockchainFaucet", "BlockchainFaucet\BlockchainFaucet.csproj", "{42ADD752-3B8B-4255-80A5-95800F467CEB}"
EndProject
Global
	GlobalSection(SolutionConfigurationPlatforms) = preSolution
		Debug|Any CPU = Debug|Any CPU
		Release|Any CPU = Release|Any CPU
	EndGlobalSection
	GlobalSection(ProjectConfigurationPlatforms) = postSolution
		{42ADD752-3B8B-4255-80A5-95800F467CEB}.Debug|Any CPU.ActiveCfg = Debug|Any CPU
		{42ADD752-3B8B-4255-80A5-95800F467CEB}.Debug|Any CPU.Build.0 = Debug|Any CPU
		{42ADD752-3B8B-4255-80A5-95800F467CEB}.Release|Any CPU.ActiveCfg = Release|Any CPU
		{42ADD752-3B8B-4255-80A5-95800F467CEB}.Release|Any CPU.Build.0 = Release|Any CPU
	EndGlobalSection
	GlobalSection(SolutionProperties) = preSolution
		HideSolutionNode = FALSE
	EndGlobalSection
	GlobalSection(ExtensibilityGlobals) = postSolution
		SolutionGuid = {90492506-5872-4797-A5FC-BC72ADE0B87F}
	EndGlobalSection
EndGlobal
